// !$*UTF8*$!
{
	archiveVersion = 1;
	classes = {
	};
	objectVersion = 56;
	objects = {

/* Begin PBXBuildFile section */
		E65C87AE2B5640E600056C4D /* BerlinClockApp.swift in Sources */ = {isa = PBXBuildFile; fileRef = E65C87AD2B5640E600056C4D /* BerlinClockApp.swift */; };
		E65C87B02B5640E600056C4D /* BerlinClockView.swift in Sources */ = {isa = PBXBuildFile; fileRef = E65C87AF2B5640E600056C4D /* BerlinClockView.swift */; };
		E65C87B22B5640E700056C4D /* Assets.xcassets in Resources */ = {isa = PBXBuildFile; fileRef = E65C87B12B5640E700056C4D /* Assets.xcassets */; };
		E65C87B52B5640E700056C4D /* Preview Assets.xcassets in Resources */ = {isa = PBXBuildFile; fileRef = E65C87B42B5640E700056C4D /* Preview Assets.xcassets */; };
		E65C87BF2B5640E700056C4D /* BerlinClockTests.swift in Sources */ = {isa = PBXBuildFile; fileRef = E65C87BE2B5640E700056C4D /* BerlinClockTests.swift */; };
		E65C87E52B566BD300056C4D /* BerlinClockModel.swift in Sources */ = {isa = PBXBuildFile; fileRef = E65C87E42B566BD300056C4D /* BerlinClockModel.swift */; };
		E65C87E72B566C9900056C4D /* DateExtension.swift in Sources */ = {isa = PBXBuildFile; fileRef = E65C87E62B566C9900056C4D /* DateExtension.swift */; };
		E65C87E92B566DB000056C4D /* BerlinClockLamps.swift in Sources */ = {isa = PBXBuildFile; fileRef = E65C87E82B566DB000056C4D /* BerlinClockLamps.swift */; };
		E6F7338C2B569A9900EC06E3 /* AppConstants.swift in Sources */ = {isa = PBXBuildFile; fileRef = E6F7338B2B569A9900EC06E3 /* AppConstants.swift */; };
		E6F733972B56B1A300EC06E3 /* BerlinClockViewModel.swift in Sources */ = {isa = PBXBuildFile; fileRef = E6F733962B56B1A300EC06E3 /* BerlinClockViewModel.swift */; };
		E6F7339B2B57D63A00EC06E3 /* BerlinClockViewModelTest.swift in Sources */ = {isa = PBXBuildFile; fileRef = E6F7339A2B57D63A00EC06E3 /* BerlinClockViewModelTest.swift */; };
/* End PBXBuildFile section */

/* Begin PBXContainerItemProxy section */
		E65C87BB2B5640E700056C4D /* PBXContainerItemProxy */ = {
			isa = PBXContainerItemProxy;
			containerPortal = E65C87A22B5640E600056C4D /* Project object */;
			proxyType = 1;
			remoteGlobalIDString = E65C87A92B5640E600056C4D;
			remoteInfo = BerlinClock;
		};
/* End PBXContainerItemProxy section */

/* Begin PBXFileReference section */
		E65C87AA2B5640E600056C4D /* BerlinClock.app */ = {isa = PBXFileReference; explicitFileType = wrapper.application; includeInIndex = 0; path = BerlinClock.app; sourceTree = BUILT_PRODUCTS_DIR; };
		E65C87AD2B5640E600056C4D /* BerlinClockApp.swift */ = {isa = PBXFileReference; lastKnownFileType = sourcecode.swift; path = BerlinClockApp.swift; sourceTree = "<group>"; };
		E65C87AF2B5640E600056C4D /* BerlinClockView.swift */ = {isa = PBXFileReference; lastKnownFileType = sourcecode.swift; path = BerlinClockView.swift; sourceTree = "<group>"; };
		E65C87B12B5640E700056C4D /* Assets.xcassets */ = {isa = PBXFileReference; lastKnownFileType = folder.assetcatalog; path = Assets.xcassets; sourceTree = "<group>"; };
		E65C87B42B5640E700056C4D /* Preview Assets.xcassets */ = {isa = PBXFileReference; lastKnownFileType = folder.assetcatalog; path = "Preview Assets.xcassets"; sourceTree = "<group>"; };
		E65C87BA2B5640E700056C4D /* BerlinClockTests.xctest */ = {isa = PBXFileReference; explicitFileType = wrapper.cfbundle; includeInIndex = 0; path = BerlinClockTests.xctest; sourceTree = BUILT_PRODUCTS_DIR; };
		E65C87BE2B5640E700056C4D /* BerlinClockTests.swift */ = {isa = PBXFileReference; lastKnownFileType = sourcecode.swift; path = BerlinClockTests.swift; sourceTree = "<group>"; };
		E65C87E42B566BD300056C4D /* BerlinClockModel.swift */ = {isa = PBXFileReference; lastKnownFileType = sourcecode.swift; path = BerlinClockModel.swift; sourceTree = "<group>"; };
		E65C87E62B566C9900056C4D /* DateExtension.swift */ = {isa = PBXFileReference; fileEncoding = 4; lastKnownFileType = sourcecode.swift; path = DateExtension.swift; sourceTree = "<group>"; };
		E65C87E82B566DB000056C4D /* BerlinClockLamps.swift */ = {isa = PBXFileReference; fileEncoding = 4; lastKnownFileType = sourcecode.swift; path = BerlinClockLamps.swift; sourceTree = "<group>"; };
		E6F7338B2B569A9900EC06E3 /* AppConstants.swift */ = {isa = PBXFileReference; fileEncoding = 4; lastKnownFileType = sourcecode.swift; path = AppConstants.swift; sourceTree = "<group>"; };
		E6F733962B56B1A300EC06E3 /* BerlinClockViewModel.swift */ = {isa = PBXFileReference; fileEncoding = 4; lastKnownFileType = sourcecode.swift; path = BerlinClockViewModel.swift; sourceTree = "<group>"; };
		E6F7339A2B57D63A00EC06E3 /* BerlinClockViewModelTest.swift */ = {isa = PBXFileReference; lastKnownFileType = sourcecode.swift; path = BerlinClockViewModelTest.swift; sourceTree = "<group>"; };
/* End PBXFileReference section */

/* Begin PBXFrameworksBuildPhase section */
		E65C87A72B5640E600056C4D /* Frameworks */ = {
			isa = PBXFrameworksBuildPhase;
			buildActionMask = 2147483647;
			files = (
			);
			runOnlyForDeploymentPostprocessing = 0;
		};
		E65C87B72B5640E700056C4D /* Frameworks */ = {
			isa = PBXFrameworksBuildPhase;
			buildActionMask = 2147483647;
			files = (
			);
			runOnlyForDeploymentPostprocessing = 0;
		};
/* End PBXFrameworksBuildPhase section */

/* Begin PBXGroup section */
		E65C87A12B5640E600056C4D = {
			isa = PBXGroup;
			children = (
				E65C87AC2B5640E600056C4D /* BerlinClock */,
				E65C87BD2B5640E700056C4D /* BerlinClockTests */,
				E65C87AB2B5640E600056C4D /* Products */,
			);
			sourceTree = "<group>";
		};
		E65C87AB2B5640E600056C4D /* Products */ = {
			isa = PBXGroup;
			children = (
				E65C87AA2B5640E600056C4D /* BerlinClock.app */,
				E65C87BA2B5640E700056C4D /* BerlinClockTests.xctest */,
			);
			name = Products;
			sourceTree = "<group>";
		};
		E65C87AC2B5640E600056C4D /* BerlinClock */ = {
			isa = PBXGroup;
			children = (
				E65C87D72B56413100056C4D /* App */,
				E65C87D82B56413C00056C4D /* View */,
				E65C87DA2B56414B00056C4D /* ViewModel */,
				E65C87D92B56414400056C4D /* Model */,
				E65C87DF2B565D7600056C4D /* Extension */,
				E65C87B32B5640E700056C4D /* Preview Content */,
			);
			path = BerlinClock;
			sourceTree = "<group>";
		};
		E65C87B32B5640E700056C4D /* Preview Content */ = {
			isa = PBXGroup;
			children = (
				E65C87B42B5640E700056C4D /* Preview Assets.xcassets */,
			);
			path = "Preview Content";
			sourceTree = "<group>";
		};
		E65C87BD2B5640E700056C4D /* BerlinClockTests */ = {
			isa = PBXGroup;
			children = (
				E65C87BE2B5640E700056C4D /* BerlinClockTests.swift */,
				E6F7339A2B57D63A00EC06E3 /* BerlinClockViewModelTest.swift */,
			);
			path = BerlinClockTests;
			sourceTree = "<group>";
		};
		E65C87D72B56413100056C4D /* App */ = {
			isa = PBXGroup;
			children = (
				E6F7338B2B569A9900EC06E3 /* AppConstants.swift */,
				E65C87AD2B5640E600056C4D /* BerlinClockApp.swift */,
				E65C87B12B5640E700056C4D /* Assets.xcassets */,
			);
			path = App;
			sourceTree = "<group>";
		};
		E65C87D82B56413C00056C4D /* View */ = {
			isa = PBXGroup;
			children = (
				E65C87AF2B5640E600056C4D /* BerlinClockView.swift */,
			);
			path = View;
			sourceTree = "<group>";
		};
		E65C87D92B56414400056C4D /* Model */ = {
			isa = PBXGroup;
			children = (
				E65C87E42B566BD300056C4D /* BerlinClockModel.swift */,
				E65C87E82B566DB000056C4D /* BerlinClockLamps.swift */,
			);
			path = Model;
			sourceTree = "<group>";
		};
		E65C87DA2B56414B00056C4D /* ViewModel */ = {
			isa = PBXGroup;
			children = (
				E6F733962B56B1A300EC06E3 /* BerlinClockViewModel.swift */,
			);
			path = ViewModel;
			sourceTree = "<group>";
		};
		E65C87DF2B565D7600056C4D /* Extension */ = {
			isa = PBXGroup;
			children = (
				E65C87E62B566C9900056C4D /* DateExtension.swift */,
			);
			path = Extension;
			sourceTree = "<group>";
		};
/* End PBXGroup section */

/* Begin PBXNativeTarget section */
		E65C87A92B5640E600056C4D /* BerlinClock */ = {
			isa = PBXNativeTarget;
			buildConfigurationList = E65C87CE2B5640E700056C4D /* Build configuration list for PBXNativeTarget "BerlinClock" */;
			buildPhases = (
				E65C87A62B5640E600056C4D /* Sources */,
				E65C87A72B5640E600056C4D /* Frameworks */,
				E65C87A82B5640E600056C4D /* Resources */,
			);
			buildRules = (
			);
			dependencies = (
			);
			name = BerlinClock;
			productName = BerlinClock;
			productReference = E65C87AA2B5640E600056C4D /* BerlinClock.app */;
			productType = "com.apple.product-type.application";
		};
		E65C87B92B5640E700056C4D /* BerlinClockTests */ = {
			isa = PBXNativeTarget;
			buildConfigurationList = E65C87D12B5640E700056C4D /* Build configuration list for PBXNativeTarget "BerlinClockTests" */;
			buildPhases = (
				E65C87B62B5640E700056C4D /* Sources */,
				E65C87B72B5640E700056C4D /* Frameworks */,
				E65C87B82B5640E700056C4D /* Resources */,
			);
			buildRules = (
			);
			dependencies = (
				E65C87BC2B5640E700056C4D /* PBXTargetDependency */,
			);
			name = BerlinClockTests;
			productName = BerlinClockTests;
			productReference = E65C87BA2B5640E700056C4D /* BerlinClockTests.xctest */;
			productType = "com.apple.product-type.bundle.unit-test";
		};
/* End PBXNativeTarget section */

/* Begin PBXProject section */
		E65C87A22B5640E600056C4D /* Project object */ = {
			isa = PBXProject;
			attributes = {
				BuildIndependentTargetsInParallel = 1;
				LastSwiftUpdateCheck = 1430;
				LastUpgradeCheck = 1430;
				TargetAttributes = {
					E65C87A92B5640E600056C4D = {
						CreatedOnToolsVersion = 14.3.1;
					};
					E65C87B92B5640E700056C4D = {
						CreatedOnToolsVersion = 14.3.1;
						TestTargetID = E65C87A92B5640E600056C4D;
					};
				};
			};
			buildConfigurationList = E65C87A52B5640E600056C4D /* Build configuration list for PBXProject "BerlinClock" */;
			compatibilityVersion = "Xcode 14.0";
			developmentRegion = en;
			hasScannedForEncodings = 0;
			knownRegions = (
				en,
				Base,
			);
			mainGroup = E65C87A12B5640E600056C4D;
			productRefGroup = E65C87AB2B5640E600056C4D /* Products */;
			projectDirPath = "";
			projectRoot = "";
			targets = (
				E65C87A92B5640E600056C4D /* BerlinClock */,
				E65C87B92B5640E700056C4D /* BerlinClockTests */,
			);
		};
/* End PBXProject section */

/* Begin PBXResourcesBuildPhase section */
		E65C87A82B5640E600056C4D /* Resources */ = {
			isa = PBXResourcesBuildPhase;
			buildActionMask = 2147483647;
			files = (
				E65C87B52B5640E700056C4D /* Preview Assets.xcassets in Resources */,
				E65C87B22B5640E700056C4D /* Assets.xcassets in Resources */,
			);
			runOnlyForDeploymentPostprocessing = 0;
		};
		E65C87B82B5640E700056C4D /* Resources */ = {
			isa = PBXResourcesBuildPhase;
			buildActionMask = 2147483647;
			files = (
			);
			runOnlyForDeploymentPostprocessing = 0;
		};
/* End PBXResourcesBuildPhase section */

/* Begin PBXSourcesBuildPhase section */
		E65C87A62B5640E600056C4D /* Sources */ = {
			isa = PBXSourcesBuildPhase;
			buildActionMask = 2147483647;
			files = (
				E65C87B02B5640E600056C4D /* BerlinClockView.swift in Sources */,
				E6F7338C2B569A9900EC06E3 /* AppConstants.swift in Sources */,
				E65C87E92B566DB000056C4D /* BerlinClockLamps.swift in Sources */,
				E6F733972B56B1A300EC06E3 /* BerlinClockViewModel.swift in Sources */,
				E65C87E72B566C9900056C4D /* DateExtension.swift in Sources */,
				E65C87E52B566BD300056C4D /* BerlinClockModel.swift in Sources */,
				E65C87AE2B5640E600056C4D /* BerlinClockApp.swift in Sources */,
			);
			runOnlyForDeploymentPostprocessing = 0;
		};
		E65C87B62B5640E700056C4D /* Sources */ = {
			isa = PBXSourcesBuildPhase;
			buildActionMask = 2147483647;
			files = (
				E65C87BF2B5640E700056C4D /* BerlinClockTests.swift in Sources */,
				E6F7339B2B57D63A00EC06E3 /* BerlinClockViewModelTest.swift in Sources */,
			);
			runOnlyForDeploymentPostprocessing = 0;
		};
/* End PBXSourcesBuildPhase section */

/* Begin PBXTargetDependency section */
		E65C87BC2B5640E700056C4D /* PBXTargetDependency */ = {
			isa = PBXTargetDependency;
			target = E65C87A92B5640E600056C4D /* BerlinClock */;
			targetProxy = E65C87BB2B5640E700056C4D /* PBXContainerItemProxy */;
		};
/* End PBXTargetDependency section */

/* Begin XCBuildConfiguration section */
		E65C87CC2B5640E700056C4D /* Debug */ = {
			isa = XCBuildConfiguration;
			buildSettings = {
				ALWAYS_SEARCH_USER_PATHS = NO;
				CLANG_ANALYZER_NONNULL = YES;
				CLANG_ANALYZER_NUMBER_OBJECT_CONVERSION = YES_AGGRESSIVE;
				CLANG_CXX_LANGUAGE_STANDARD = "gnu++20";
				CLANG_ENABLE_MODULES = YES;
				CLANG_ENABLE_OBJC_ARC = YES;
				CLANG_ENABLE_OBJC_WEAK = YES;
				CLANG_WARN_BLOCK_CAPTURE_AUTORELEASING = YES;
				CLANG_WARN_BOOL_CONVERSION = YES;
				CLANG_WARN_COMMA = YES;
				CLANG_WARN_CONSTANT_CONVERSION = YES;
				CLANG_WARN_DEPRECATED_OBJC_IMPLEMENTATIONS = YES;
				CLANG_WARN_DIRECT_OBJC_ISA_USAGE = YES_ERROR;
				CLANG_WARN_DOCUMENTATION_COMMENTS = YES;
				CLANG_WARN_EMPTY_BODY = YES;
				CLANG_WARN_ENUM_CONVERSION = YES;
				CLANG_WARN_INFINITE_RECURSION = YES;
				CLANG_WARN_INT_CONVERSION = YES;
				CLANG_WARN_NON_LITERAL_NULL_CONVERSION = YES;
				CLANG_WARN_OBJC_IMPLICIT_RETAIN_SELF = YES;
				CLANG_WARN_OBJC_LITERAL_CONVERSION = YES;
				CLANG_WARN_OBJC_ROOT_CLASS = YES_ERROR;
				CLANG_WARN_QUOTED_INCLUDE_IN_FRAMEWORK_HEADER = YES;
				CLANG_WARN_RANGE_LOOP_ANALYSIS = YES;
				CLANG_WARN_STRICT_PROTOTYPES = YES;
				CLANG_WARN_SUSPICIOUS_MOVE = YES;
				CLANG_WARN_UNGUARDED_AVAILABILITY = YES_AGGRESSIVE;
				CLANG_WARN_UNREACHABLE_CODE = YES;
				CLANG_WARN__DUPLICATE_METHOD_MATCH = YES;
				COPY_PHASE_STRIP = NO;
				DEBUG_INFORMATION_FORMAT = dwarf;
				ENABLE_STRICT_OBJC_MSGSEND = YES;
				ENABLE_TESTABILITY = YES;
				GCC_C_LANGUAGE_STANDARD = gnu11;
				GCC_DYNAMIC_NO_PIC = NO;
				GCC_NO_COMMON_BLOCKS = YES;
				GCC_OPTIMIZATION_LEVEL = 0;
				GCC_PREPROCESSOR_DEFINITIONS = (
					"DEBUG=1",
					"$(inherited)",
				);
				GCC_WARN_64_TO_32_BIT_CONVERSION = YES;
				GCC_WARN_ABOUT_RETURN_TYPE = YES_ERROR;
				GCC_WARN_UNDECLARED_SELECTOR = YES;
				GCC_WARN_UNINITIALIZED_AUTOS = YES_AGGRESSIVE;
				GCC_WARN_UNUSED_FUNCTION = YES;
				GCC_WARN_UNUSED_VARIABLE = YES;
				IPHONEOS_DEPLOYMENT_TARGET = 16.4;
				MTL_ENABLE_DEBUG_INFO = INCLUDE_SOURCE;
				MTL_FAST_MATH = YES;
				ONLY_ACTIVE_ARCH = YES;
				SDKROOT = iphoneos;
				SWIFT_ACTIVE_COMPILATION_CONDITIONS = DEBUG;
				SWIFT_OPTIMIZATION_LEVEL = "-Onone";
			};
			name = Debug;
		};
		E65C87CD2B5640E700056C4D /* Release */ = {
			isa = XCBuildConfiguration;
			buildSettings = {
				ALWAYS_SEARCH_USER_PATHS = NO;
				CLANG_ANALYZER_NONNULL = YES;
				CLANG_ANALYZER_NUMBER_OBJECT_CONVERSION = YES_AGGRESSIVE;
				CLANG_CXX_LANGUAGE_STANDARD = "gnu++20";
				CLANG_ENABLE_MODULES = YES;
				CLANG_ENABLE_OBJC_ARC = YES;
				CLANG_ENABLE_OBJC_WEAK = YES;
				CLANG_WARN_BLOCK_CAPTURE_AUTORELEASING = YES;
				CLANG_WARN_BOOL_CONVERSION = YES;
				CLANG_WARN_COMMA = YES;
				CLANG_WARN_CONSTANT_CONVERSION = YES;
				CLANG_WARN_DEPRECATED_OBJC_IMPLEMENTATIONS = YES;
				CLANG_WARN_DIRECT_OBJC_ISA_USAGE = YES_ERROR;
				CLANG_WARN_DOCUMENTATION_COMMENTS = YES;
				CLANG_WARN_EMPTY_BODY = YES;
				CLANG_WARN_ENUM_CONVERSION = YES;
				CLANG_WARN_INFINITE_RECURSION = YES;
				CLANG_WARN_INT_CONVERSION = YES;
				CLANG_WARN_NON_LITERAL_NULL_CONVERSION = YES;
				CLANG_WARN_OBJC_IMPLICIT_RETAIN_SELF = YES;
				CLANG_WARN_OBJC_LITERAL_CONVERSION = YES;
				CLANG_WARN_OBJC_ROOT_CLASS = YES_ERROR;
				CLANG_WARN_QUOTED_INCLUDE_IN_FRAMEWORK_HEADER = YES;
				CLANG_WARN_RANGE_LOOP_ANALYSIS = YES;
				CLANG_WARN_STRICT_PROTOTYPES = YES;
				CLANG_WARN_SUSPICIOUS_MOVE = YES;
				CLANG_WARN_UNGUARDED_AVAILABILITY = YES_AGGRESSIVE;
				CLANG_WARN_UNREACHABLE_CODE = YES;
				CLANG_WARN__DUPLICATE_METHOD_MATCH = YES;
				COPY_PHASE_STRIP = NO;
				DEBUG_INFORMATION_FORMAT = "dwarf-with-dsym";
				ENABLE_NS_ASSERTIONS = NO;
				ENABLE_STRICT_OBJC_MSGSEND = YES;
				GCC_C_LANGUAGE_STANDARD = gnu11;
				GCC_NO_COMMON_BLOCKS = YES;
				GCC_WARN_64_TO_32_BIT_CONVERSION = YES;
				GCC_WARN_ABOUT_RETURN_TYPE = YES_ERROR;
				GCC_WARN_UNDECLARED_SELECTOR = YES;
				GCC_WARN_UNINITIALIZED_AUTOS = YES_AGGRESSIVE;
				GCC_WARN_UNUSED_FUNCTION = YES;
				GCC_WARN_UNUSED_VARIABLE = YES;
				IPHONEOS_DEPLOYMENT_TARGET = 16.4;
				MTL_ENABLE_DEBUG_INFO = NO;
				MTL_FAST_MATH = YES;
				SDKROOT = iphoneos;
				SWIFT_COMPILATION_MODE = wholemodule;
				SWIFT_OPTIMIZATION_LEVEL = "-O";
				VALIDATE_PRODUCT = YES;
			};
			name = Release;
		};
		E65C87CF2B5640E700056C4D /* Debug */ = {
			isa = XCBuildConfiguration;
			buildSettings = {
				ASSETCATALOG_COMPILER_APPICON_NAME = AppIcon;
				ASSETCATALOG_COMPILER_GLOBAL_ACCENT_COLOR_NAME = AccentColor;
				CODE_SIGN_STYLE = Automatic;
				CURRENT_PROJECT_VERSION = 1;
				DEVELOPMENT_ASSET_PATHS = "\"BerlinClock/Preview Content\"";
				ENABLE_PREVIEWS = YES;
				GENERATE_INFOPLIST_FILE = YES;
				INFOPLIST_KEY_UIApplicationSceneManifest_Generation = YES;
				INFOPLIST_KEY_UIApplicationSupportsIndirectInputEvents = YES;
				INFOPLIST_KEY_UILaunchScreen_Generation = YES;
				INFOPLIST_KEY_UISupportedInterfaceOrientations_iPad = "UIInterfaceOrientationPortrait UIInterfaceOrientationPortraitUpsideDown UIInterfaceOrientationLandscapeLeft UIInterfaceOrientationLandscapeRight";
				INFOPLIST_KEY_UISupportedInterfaceOrientations_iPhone = "UIInterfaceOrientationPortrait UIInterfaceOrientationLandscapeLeft UIInterfaceOrientationLandscapeRight";
				LD_RUNPATH_SEARCH_PATHS = (
					"$(inherited)",
					"@executable_path/Frameworks",
				);
				MARKETING_VERSION = 1.0;
				PRODUCT_BUNDLE_IDENTIFIER = "-024-DEV2-006.BerlinClock";
				PRODUCT_NAME = "$(TARGET_NAME)";
				SWIFT_EMIT_LOC_STRINGS = YES;
				SWIFT_VERSION = 5.0;
				TARGETED_DEVICE_FAMILY = "1,2";
			};
			name = Debug;
		};
		E65C87D02B5640E700056C4D /* Release */ = {
			isa = XCBuildConfiguration;
			buildSettings = {
				ASSETCATALOG_COMPILER_APPICON_NAME = AppIcon;
				ASSETCATALOG_COMPILER_GLOBAL_ACCENT_COLOR_NAME = AccentColor;
				CODE_SIGN_STYLE = Automatic;
				CURRENT_PROJECT_VERSION = 1;
				DEVELOPMENT_ASSET_PATHS = "\"BerlinClock/Preview Content\"";
				ENABLE_PREVIEWS = YES;
				GENERATE_INFOPLIST_FILE = YES;
				INFOPLIST_KEY_UIApplicationSceneManifest_Generation = YES;
				INFOPLIST_KEY_UIApplicationSupportsIndirectInputEvents = YES;
				INFOPLIST_KEY_UILaunchScreen_Generation = YES;
				INFOPLIST_KEY_UISupportedInterfaceOrientations_iPad = "UIInterfaceOrientationPortrait UIInterfaceOrientationPortraitUpsideDown UIInterfaceOrientationLandscapeLeft UIInterfaceOrientationLandscapeRight";
				INFOPLIST_KEY_UISupportedInterfaceOrientations_iPhone = "UIInterfaceOrientationPortrait UIInterfaceOrientationLandscapeLeft UIInterfaceOrientationLandscapeRight";
				LD_RUNPATH_SEARCH_PATHS = (
					"$(inherited)",
					"@executable_path/Frameworks",
				);
				MARKETING_VERSION = 1.0;
				PRODUCT_BUNDLE_IDENTIFIER = "-024-DEV2-006.BerlinClock";
				PRODUCT_NAME = "$(TARGET_NAME)";
				SWIFT_EMIT_LOC_STRINGS = YES;
				SWIFT_VERSION = 5.0;
				TARGETED_DEVICE_FAMILY = "1,2";
			};
			name = Release;
		};
		E65C87D22B5640E700056C4D /* Debug */ = {
			isa = XCBuildConfiguration;
			buildSettings = {
				ALWAYS_EMBED_SWIFT_STANDARD_LIBRARIES = YES;
				BUNDLE_LOADER = "$(TEST_HOST)";
				CODE_SIGN_STYLE = Automatic;
				CURRENT_PROJECT_VERSION = 1;
				GENERATE_INFOPLIST_FILE = YES;
				IPHONEOS_DEPLOYMENT_TARGET = 16.4;
				MARKETING_VERSION = 1.0;
				PRODUCT_BUNDLE_IDENTIFIER = "-024-DEV2-006.BerlinClockTests";
				PRODUCT_NAME = "$(TARGET_NAME)";
				SWIFT_EMIT_LOC_STRINGS = NO;
				SWIFT_VERSION = 5.0;
				TARGETED_DEVICE_FAMILY = "1,2";
				TEST_HOST = "$(BUILT_PRODUCTS_DIR)/BerlinClock.app/$(BUNDLE_EXECUTABLE_FOLDER_PATH)/BerlinClock";
			};
			name = Debug;
		};
		E65C87D32B5640E700056C4D /* Release */ = {
			isa = XCBuildConfiguration;
			buildSettings = {
				ALWAYS_EMBED_SWIFT_STANDARD_LIBRARIES = YES;
				BUNDLE_LOADER = "$(TEST_HOST)";
				CODE_SIGN_STYLE = Automatic;
				CURRENT_PROJECT_VERSION = 1;
				GENERATE_INFOPLIST_FILE = YES;
				IPHONEOS_DEPLOYMENT_TARGET = 16.4;
				MARKETING_VERSION = 1.0;
				PRODUCT_BUNDLE_IDENTIFIER = "-024-DEV2-006.BerlinClockTests";
				PRODUCT_NAME = "$(TARGET_NAME)";
				SWIFT_EMIT_LOC_STRINGS = NO;
				SWIFT_VERSION = 5.0;
				TARGETED_DEVICE_FAMILY = "1,2";
				TEST_HOST = "$(BUILT_PRODUCTS_DIR)/BerlinClock.app/$(BUNDLE_EXECUTABLE_FOLDER_PATH)/BerlinClock";
			};
			name = Release;
		};
/* End XCBuildConfiguration section */

/* Begin XCConfigurationList section */
		E65C87A52B5640E600056C4D /* Build configuration list for PBXProject "BerlinClock" */ = {
			isa = XCConfigurationList;
			buildConfigurations = (
				E65C87CC2B5640E700056C4D /* Debug */,
				E65C87CD2B5640E700056C4D /* Release */,
			);
			defaultConfigurationIsVisible = 0;
			defaultConfigurationName = Release;
		};
		E65C87CE2B5640E700056C4D /* Build configuration list for PBXNativeTarget "BerlinClock" */ = {
			isa = XCConfigurationList;
			buildConfigurations = (
				E65C87CF2B5640E700056C4D /* Debug */,
				E65C87D02B5640E700056C4D /* Release */,
			);
			defaultConfigurationIsVisible = 0;
			defaultConfigurationName = Release;
		};
		E65C87D12B5640E700056C4D /* Build configuration list for PBXNativeTarget "BerlinClockTests" */ = {
			isa = XCConfigurationList;
			buildConfigurations = (
				E65C87D22B5640E700056C4D /* Debug */,
				E65C87D32B5640E700056C4D /* Release */,
			);
			defaultConfigurationIsVisible = 0;
			defaultConfigurationName = Release;
		};
/* End XCConfigurationList section */
	};
	rootObject = E65C87A22B5640E600056C4D /* Project object */;
}
